
Microsoft Visual Studio Solution File, Format Version 12.00
# Visual Studio 15
VisualStudioVersion = 15.0.28307.168
MinimumVisualStudioVersion = 10.0.40219.1
Project("{FAE04EC0-301F-11D3-BF4B-00C04F79EFBC}") = "SongLoaderPlugin", "SongLoaderPlugin\SongLoaderPlugin.csproj", "{6F9B6801-9F4B-4D1F-805D-271C95733814}"
	ProjectSection(ProjectDependencies) = postProject
		{5F33B310-DC8D-4C0D-877E-BAC3908DE10F} = {5F33B310-DC8D-4C0D-877E-BAC3908DE10F}
	EndProjectSection
EndProject
Project("{2150E333-8FDC-42A3-9474-1A3956D46DE8}") = "Build Tools", "Build Tools", "{1FFF96F5-69DF-44A8-849F-444E593599B7}"
	ProjectSection(SolutionItems) = preProject
		Refs\refs.txt = Refs\refs.txt
	EndProjectSection
EndProject
Project("{FAE04EC0-301F-11D3-BF4B-00C04F79EFBC}") = "CollectDependencies", "BuildTools\CollectDependencies\CollectDependencies.csproj", "{5F33B310-DC8D-4C0D-877E-BAC3908DE10F}"
EndProject
Global
	GlobalSection(SolutionConfigurationPlatforms) = preSolution
		Debug|Any CPU = Debug|Any CPU
		Release|Any CPU = Release|Any CPU
	EndGlobalSection
	GlobalSection(ProjectConfigurationPlatforms) = postSolution
		{6F9B6801-9F4B-4D1F-805D-271C95733814}.Debug|Any CPU.ActiveCfg = Debug|Any CPU
		{6F9B6801-9F4B-4D1F-805D-271C95733814}.Debug|Any CPU.Build.0 = Debug|Any CPU
		{6F9B6801-9F4B-4D1F-805D-271C95733814}.Release|Any CPU.ActiveCfg = Release|Any CPU
		{6F9B6801-9F4B-4D1F-805D-271C95733814}.Release|Any CPU.Build.0 = Release|Any CPU
		{5F33B310-DC8D-4C0D-877E-BAC3908DE10F}.Debug|Any CPU.ActiveCfg = Debug|Any CPU
		{5F33B310-DC8D-4C0D-877E-BAC3908DE10F}.Debug|Any CPU.Build.0 = Debug|Any CPU
		{5F33B310-DC8D-4C0D-877E-BAC3908DE10F}.Release|Any CPU.ActiveCfg = Release|Any CPU
		{5F33B310-DC8D-4C0D-877E-BAC3908DE10F}.Release|Any CPU.Build.0 = Release|Any CPU
	EndGlobalSection
	GlobalSection(SolutionProperties) = preSolution
		HideSolutionNode = FALSE
	EndGlobalSection
	GlobalSection(NestedProjects) = preSolution
		{5F33B310-DC8D-4C0D-877E-BAC3908DE10F} = {1FFF96F5-69DF-44A8-849F-444E593599B7}
	EndGlobalSection
	GlobalSection(ExtensibilityGlobals) = postSolution
		SolutionGuid = {471B77BB-8D52-4D21-815B-9F6E9A3745C2}
	EndGlobalSection
EndGlobal
